// !$*UTF8*$!
{
	archiveVersion = 1;
	classes = {
	};
	objectVersion = 55;
	objects = {

/* Begin PBXBuildFile section */
		274A27DC28DCB55B00B406D4 /* RemindersApp.swift in Sources */ = {isa = PBXBuildFile; fileRef = 274A27DB28DCB55B00B406D4 /* RemindersApp.swift */; };
		274A27DE28DCB55B00B406D4 /* ContentView.swift in Sources */ = {isa = PBXBuildFile; fileRef = 274A27DD28DCB55B00B406D4 /* ContentView.swift */; };
		274A27E028DCB55E00B406D4 /* Assets.xcassets in Resources */ = {isa = PBXBuildFile; fileRef = 274A27DF28DCB55E00B406D4 /* Assets.xcassets */; };
		274A27E328DCB55E00B406D4 /* Preview Assets.xcassets in Resources */ = {isa = PBXBuildFile; fileRef = 274A27E228DCB55E00B406D4 /* Preview Assets.xcassets */; };
		274A27E828DCB55F00B406D4 /* Reminders.xcdatamodeld in Sources */ = {isa = PBXBuildFile; fileRef = 274A27E628DCB55F00B406D4 /* Reminders.xcdatamodeld */; };
		274A27F228DCD2DA00B406D4 /* RemindersDataManager.swift in Sources */ = {isa = PBXBuildFile; fileRef = 274A27F128DCD2DA00B406D4 /* RemindersDataManager.swift */; };
		274A27F528DCD44200B406D4 /* HelperFormatter.swift in Sources */ = {isa = PBXBuildFile; fileRef = 274A27F428DCD44200B406D4 /* HelperFormatter.swift */; };
		274A27F828DCD48700B406D4 /* DatePickerTextField.swift in Sources */ = {isa = PBXBuildFile; fileRef = 274A27F728DCD48700B406D4 /* DatePickerTextField.swift */; };
		274A27FB28DCD53500B406D4 /* TaskModel.swift in Sources */ = {isa = PBXBuildFile; fileRef = 274A27FA28DCD53500B406D4 /* TaskModel.swift */; };
		274A27FE28DCDA6100B406D4 /* TaskViewModel.swift in Sources */ = {isa = PBXBuildFile; fileRef = 274A27FD28DCDA6100B406D4 /* TaskViewModel.swift */; };
		274A280028DCDD3B00B406D4 /* AddTasklView.swift in Sources */ = {isa = PBXBuildFile; fileRef = 274A27FF28DCDD3B00B406D4 /* AddTasklView.swift */; };
		274A280228DCE25400B406D4 /* TaskCellView.swift in Sources */ = {isa = PBXBuildFile; fileRef = 274A280128DCE25400B406D4 /* TaskCellView.swift */; };
/* End PBXBuildFile section */

/* Begin PBXFileReference section */
		274A27D828DCB55B00B406D4 /* Reminders.app */ = {isa = PBXFileReference; explicitFileType = wrapper.application; includeInIndex = 0; path = Reminders.app; sourceTree = BUILT_PRODUCTS_DIR; };
		274A27DB28DCB55B00B406D4 /* RemindersApp.swift */ = {isa = PBXFileReference; lastKnownFileType = sourcecode.swift; path = RemindersApp.swift; sourceTree = "<group>"; };
		274A27DD28DCB55B00B406D4 /* ContentView.swift */ = {isa = PBXFileReference; lastKnownFileType = sourcecode.swift; path = ContentView.swift; sourceTree = "<group>"; };
		274A27DF28DCB55E00B406D4 /* Assets.xcassets */ = {isa = PBXFileReference; lastKnownFileType = folder.assetcatalog; path = Assets.xcassets; sourceTree = "<group>"; };
		274A27E228DCB55E00B406D4 /* Preview Assets.xcassets */ = {isa = PBXFileReference; lastKnownFileType = folder.assetcatalog; path = "Preview Assets.xcassets"; sourceTree = "<group>"; };
		274A27E728DCB55F00B406D4 /* Reminders.xcdatamodel */ = {isa = PBXFileReference; lastKnownFileType = wrapper.xcdatamodel; path = Reminders.xcdatamodel; sourceTree = "<group>"; };
		274A27F128DCD2DA00B406D4 /* RemindersDataManager.swift */ = {isa = PBXFileReference; lastKnownFileType = sourcecode.swift; path = RemindersDataManager.swift; sourceTree = "<group>"; };
		274A27F428DCD44200B406D4 /* HelperFormatter.swift */ = {isa = PBXFileReference; lastKnownFileType = sourcecode.swift; path = HelperFormatter.swift; sourceTree = "<group>"; };
		274A27F728DCD48700B406D4 /* DatePickerTextField.swift */ = {isa = PBXFileReference; lastKnownFileType = sourcecode.swift; path = DatePickerTextField.swift; sourceTree = "<group>"; };
		274A27FA28DCD53500B406D4 /* TaskModel.swift */ = {isa = PBXFileReference; lastKnownFileType = sourcecode.swift; path = TaskModel.swift; sourceTree = "<group>"; };
		274A27FD28DCDA6100B406D4 /* TaskViewModel.swift */ = {isa = PBXFileReference; lastKnownFileType = sourcecode.swift; path = TaskViewModel.swift; sourceTree = "<group>"; };
		274A27FF28DCDD3B00B406D4 /* AddTasklView.swift */ = {isa = PBXFileReference; lastKnownFileType = sourcecode.swift; path = AddTasklView.swift; sourceTree = "<group>"; };
		274A280128DCE25400B406D4 /* TaskCellView.swift */ = {isa = PBXFileReference; lastKnownFileType = sourcecode.swift; path = TaskCellView.swift; sourceTree = "<group>"; };
/* End PBXFileReference section */

/* Begin PBXFrameworksBuildPhase section */
		274A27D528DCB55B00B406D4 /* Frameworks */ = {
			isa = PBXFrameworksBuildPhase;
			buildActionMask = 2147483647;
			files = (
			);
			runOnlyForDeploymentPostprocessing = 0;
		};
/* End PBXFrameworksBuildPhase section */

/* Begin PBXGroup section */
		274A27CF28DCB55B00B406D4 = {
			isa = PBXGroup;
			children = (
				274A27DA28DCB55B00B406D4 /* Reminders */,
				274A27D928DCB55B00B406D4 /* Products */,
			);
			sourceTree = "<group>";
		};
		274A27D928DCB55B00B406D4 /* Products */ = {
			isa = PBXGroup;
			children = (
				274A27D828DCB55B00B406D4 /* Reminders.app */,
			);
			name = Products;
			sourceTree = "<group>";
		};
		274A27DA28DCB55B00B406D4 /* Reminders */ = {
			isa = PBXGroup;
			children = (
				274A27F628DCD46C00B406D4 /* CustomViews */,
				274A27F328DCD43400B406D4 /* Helpers */,
				274A27F028DCD2B700B406D4 /* Managers */,
				274A27F928DCD4F100B406D4 /* Models */,
				274A27FC28DCDA2B00B406D4 /* ViewModels */,
				274A27EF28DCD29700B406D4 /* Views */,
				274A27EE28DCD27F00B406D4 /* App */,
				274A27DF28DCB55E00B406D4 /* Assets.xcassets */,
				274A27E628DCB55F00B406D4 /* Reminders.xcdatamodeld */,
				274A27E128DCB55E00B406D4 /* Preview Content */,
			);
			path = Reminders;
			sourceTree = "<group>";
		};
		274A27E128DCB55E00B406D4 /* Preview Content */ = {
			isa = PBXGroup;
			children = (
				274A27E228DCB55E00B406D4 /* Preview Assets.xcassets */,
			);
			path = "Preview Content";
			sourceTree = "<group>";
		};
		274A27EE28DCD27F00B406D4 /* App */ = {
			isa = PBXGroup;
			children = (
				274A27DB28DCB55B00B406D4 /* RemindersApp.swift */,
			);
			path = App;
			sourceTree = "<group>";
		};
		274A27EF28DCD29700B406D4 /* Views */ = {
			isa = PBXGroup;
			children = (
				274A27DD28DCB55B00B406D4 /* ContentView.swift */,
				274A27FF28DCDD3B00B406D4 /* AddTasklView.swift */,
				274A280128DCE25400B406D4 /* TaskCellView.swift */,
			);
			path = Views;
			sourceTree = "<group>";
		};
		274A27F028DCD2B700B406D4 /* Managers */ = {
			isa = PBXGroup;
			children = (
				274A27F128DCD2DA00B406D4 /* RemindersDataManager.swift */,
			);
			path = Managers;
			sourceTree = "<group>";
		};
		274A27F328DCD43400B406D4 /* Helpers */ = {
			isa = PBXGroup;
			children = (
				274A27F428DCD44200B406D4 /* HelperFormatter.swift */,
			);
			path = Helpers;
			sourceTree = "<group>";
		};
		274A27F628DCD46C00B406D4 /* CustomViews */ = {
			isa = PBXGroup;
			children = (
				274A27F728DCD48700B406D4 /* DatePickerTextField.swift */,
			);
			path = CustomViews;
			sourceTree = "<group>";
		};
		274A27F928DCD4F100B406D4 /* Models */ = {
			isa = PBXGroup;
			children = (
				274A27FA28DCD53500B406D4 /* TaskModel.swift */,
			);
			path = Models;
			sourceTree = "<group>";
		};
		274A27FC28DCDA2B00B406D4 /* ViewModels */ = {
			isa = PBXGroup;
			children = (
				274A27FD28DCDA6100B406D4 /* TaskViewModel.swift */,
			);
			path = ViewModels;
			sourceTree = "<group>";
		};
/* End PBXGroup section */

/* Begin PBXNativeTarget section */
		274A27D728DCB55B00B406D4 /* Reminders */ = {
			isa = PBXNativeTarget;
			buildConfigurationList = 274A27EB28DCB55F00B406D4 /* Build configuration list for PBXNativeTarget "Reminders" */;
			buildPhases = (
				274A27D428DCB55B00B406D4 /* Sources */,
				274A27D528DCB55B00B406D4 /* Frameworks */,
				274A27D628DCB55B00B406D4 /* Resources */,
			);
			buildRules = (
			);
			dependencies = (
			);
			name = Reminders;
			productName = Reminders;
			productReference = 274A27D828DCB55B00B406D4 /* Reminders.app */;
			productType = "com.apple.product-type.application";
		};
/* End PBXNativeTarget section */

/* Begin PBXProject section */
		274A27D028DCB55B00B406D4 /* Project object */ = {
			isa = PBXProject;
			attributes = {
				BuildIndependentTargetsInParallel = 1;
				LastSwiftUpdateCheck = 1330;
				LastUpgradeCheck = 1330;
				TargetAttributes = {
					274A27D728DCB55B00B406D4 = {
						CreatedOnToolsVersion = 13.3;
					};
				};
			};
			buildConfigurationList = 274A27D328DCB55B00B406D4 /* Build configuration list for PBXProject "Reminders" */;
			compatibilityVersion = "Xcode 13.0";
			developmentRegion = en;
			hasScannedForEncodings = 0;
			knownRegions = (
				en,
				Base,
			);
			mainGroup = 274A27CF28DCB55B00B406D4;
			productRefGroup = 274A27D928DCB55B00B406D4 /* Products */;
			projectDirPath = "";
			projectRoot = "";
			targets = (
				274A27D728DCB55B00B406D4 /* Reminders */,
			);
		};
/* End PBXProject section */

/* Begin PBXResourcesBuildPhase section */
		274A27D628DCB55B00B406D4 /* Resources */ = {
			isa = PBXResourcesBuildPhase;
			buildActionMask = 2147483647;
			files = (
				274A27E328DCB55E00B406D4 /* Preview Assets.xcassets in Resources */,
				274A27E028DCB55E00B406D4 /* Assets.xcassets in Resources */,
			);
			runOnlyForDeploymentPostprocessing = 0;
		};
/* End PBXResourcesBuildPhase section */

/* Begin PBXSourcesBuildPhase section */
		274A27D428DCB55B00B406D4 /* Sources */ = {
			isa = PBXSourcesBuildPhase;
			buildActionMask = 2147483647;
			files = (
				274A27F528DCD44200B406D4 /* HelperFormatter.swift in Sources */,
				274A27F228DCD2DA00B406D4 /* RemindersDataManager.swift in Sources */,
				274A27DE28DCB55B00B406D4 /* ContentView.swift in Sources */,
				274A27DC28DCB55B00B406D4 /* RemindersApp.swift in Sources */,
				274A280028DCDD3B00B406D4 /* AddTasklView.swift in Sources */,
				274A27E828DCB55F00B406D4 /* Reminders.xcdatamodeld in Sources */,
				274A27FE28DCDA6100B406D4 /* TaskViewModel.swift in Sources */,
				274A27F828DCD48700B406D4 /* DatePickerTextField.swift in Sources */,
				274A27FB28DCD53500B406D4 /* TaskModel.swift in Sources */,
				274A280228DCE25400B406D4 /* TaskCellView.swift in Sources */,
			);
			runOnlyForDeploymentPostprocessing = 0;
		};
/* End PBXSourcesBuildPhase section */

/* Begin XCBuildConfiguration section */
		274A27E928DCB55F00B406D4 /* Debug */ = {
			isa = XCBuildConfiguration;
			buildSettings = {
				ALWAYS_SEARCH_USER_PATHS = NO;
				CLANG_ANALYZER_NONNULL = YES;
				CLANG_ANALYZER_NUMBER_OBJECT_CONVERSION = YES_AGGRESSIVE;
				CLANG_CXX_LANGUAGE_STANDARD = "gnu++17";
				CLANG_ENABLE_MODULES = YES;
				CLANG_ENABLE_OBJC_ARC = YES;
				CLANG_ENABLE_OBJC_WEAK = YES;
				CLANG_WARN_BLOCK_CAPTURE_AUTORELEASING = YES;
				CLANG_WARN_BOOL_CONVERSION = YES;
				CLANG_WARN_COMMA = YES;
				CLANG_WARN_CONSTANT_CONVERSION = YES;
				CLANG_WARN_DEPRECATED_OBJC_IMPLEMENTATIONS = YES;
				CLANG_WARN_DIRECT_OBJC_ISA_USAGE = YES_ERROR;
				CLANG_WARN_DOCUMENTATION_COMMENTS = YES;
				CLANG_WARN_EMPTY_BODY = YES;
				CLANG_WARN_ENUM_CONVERSION = YES;
				CLANG_WARN_INFINITE_RECURSION = YES;
				CLANG_WARN_INT_CONVERSION = YES;
				CLANG_WARN_NON_LITERAL_NULL_CONVERSION = YES;
				CLANG_WARN_OBJC_IMPLICIT_RETAIN_SELF = YES;
				CLANG_WARN_OBJC_LITERAL_CONVERSION = YES;
				CLANG_WARN_OBJC_ROOT_CLASS = YES_ERROR;
				CLANG_WARN_QUOTED_INCLUDE_IN_FRAMEWORK_HEADER = YES;
				CLANG_WARN_RANGE_LOOP_ANALYSIS = YES;
				CLANG_WARN_STRICT_PROTOTYPES = YES;
				CLANG_WARN_SUSPICIOUS_MOVE = YES;
				CLANG_WARN_UNGUARDED_AVAILABILITY = YES_AGGRESSIVE;
				CLANG_WARN_UNREACHABLE_CODE = YES;
				CLANG_WARN__DUPLICATE_METHOD_MATCH = YES;
				COPY_PHASE_STRIP = NO;
				DEBUG_INFORMATION_FORMAT = dwarf;
				ENABLE_STRICT_OBJC_MSGSEND = YES;
				ENABLE_TESTABILITY = YES;
				GCC_C_LANGUAGE_STANDARD = gnu11;
				GCC_DYNAMIC_NO_PIC = NO;
				GCC_NO_COMMON_BLOCKS = YES;
				GCC_OPTIMIZATION_LEVEL = 0;
				GCC_PREPROCESSOR_DEFINITIONS = (
					"DEBUG=1",
					"$(inherited)",
				);
				GCC_WARN_64_TO_32_BIT_CONVERSION = YES;
				GCC_WARN_ABOUT_RETURN_TYPE = YES_ERROR;
				GCC_WARN_UNDECLARED_SELECTOR = YES;
				GCC_WARN_UNINITIALIZED_AUTOS = YES_AGGRESSIVE;
				GCC_WARN_UNUSED_FUNCTION = YES;
				GCC_WARN_UNUSED_VARIABLE = YES;
				IPHONEOS_DEPLOYMENT_TARGET = 15.4;
				MTL_ENABLE_DEBUG_INFO = INCLUDE_SOURCE;
				MTL_FAST_MATH = YES;
				ONLY_ACTIVE_ARCH = YES;
				SDKROOT = iphoneos;
				SWIFT_ACTIVE_COMPILATION_CONDITIONS = DEBUG;
				SWIFT_OPTIMIZATION_LEVEL = "-Onone";
			};
			name = Debug;
		};
		274A27EA28DCB55F00B406D4 /* Release */ = {
			isa = XCBuildConfiguration;
			buildSettings = {
				ALWAYS_SEARCH_USER_PATHS = NO;
				CLANG_ANALYZER_NONNULL = YES;
				CLANG_ANALYZER_NUMBER_OBJECT_CONVERSION = YES_AGGRESSIVE;
				CLANG_CXX_LANGUAGE_STANDARD = "gnu++17";
				CLANG_ENABLE_MODULES = YES;
				CLANG_ENABLE_OBJC_ARC = YES;
				CLANG_ENABLE_OBJC_WEAK = YES;
				CLANG_WARN_BLOCK_CAPTURE_AUTORELEASING = YES;
				CLANG_WARN_BOOL_CONVERSION = YES;
				CLANG_WARN_COMMA = YES;
				CLANG_WARN_CONSTANT_CONVERSION = YES;
				CLANG_WARN_DEPRECATED_OBJC_IMPLEMENTATIONS = YES;
				CLANG_WARN_DIRECT_OBJC_ISA_USAGE = YES_ERROR;
				CLANG_WARN_DOCUMENTATION_COMMENTS = YES;
				CLANG_WARN_EMPTY_BODY = YES;
				CLANG_WARN_ENUM_CONVERSION = YES;
				CLANG_WARN_INFINITE_RECURSION = YES;
				CLANG_WARN_INT_CONVERSION = YES;
				CLANG_WARN_NON_LITERAL_NULL_CONVERSION = YES;
				CLANG_WARN_OBJC_IMPLICIT_RETAIN_SELF = YES;
				CLANG_WARN_OBJC_LITERAL_CONVERSION = YES;
				CLANG_WARN_OBJC_ROOT_CLASS = YES_ERROR;
				CLANG_WARN_QUOTED_INCLUDE_IN_FRAMEWORK_HEADER = YES;
				CLANG_WARN_RANGE_LOOP_ANALYSIS = YES;
				CLANG_WARN_STRICT_PROTOTYPES = YES;
				CLANG_WARN_SUSPICIOUS_MOVE = YES;
				CLANG_WARN_UNGUARDED_AVAILABILITY = YES_AGGRESSIVE;
				CLANG_WARN_UNREACHABLE_CODE = YES;
				CLANG_WARN__DUPLICATE_METHOD_MATCH = YES;
				COPY_PHASE_STRIP = NO;
				DEBUG_INFORMATION_FORMAT = "dwarf-with-dsym";
				ENABLE_NS_ASSERTIONS = NO;
				ENABLE_STRICT_OBJC_MSGSEND = YES;
				GCC_C_LANGUAGE_STANDARD = gnu11;
				GCC_NO_COMMON_BLOCKS = YES;
				GCC_WARN_64_TO_32_BIT_CONVERSION = YES;
				GCC_WARN_ABOUT_RETURN_TYPE = YES_ERROR;
				GCC_WARN_UNDECLARED_SELECTOR = YES;
				GCC_WARN_UNINITIALIZED_AUTOS = YES_AGGRESSIVE;
				GCC_WARN_UNUSED_FUNCTION = YES;
				GCC_WARN_UNUSED_VARIABLE = YES;
				IPHONEOS_DEPLOYMENT_TARGET = 15.4;
				MTL_ENABLE_DEBUG_INFO = NO;
				MTL_FAST_MATH = YES;
				SDKROOT = iphoneos;
				SWIFT_COMPILATION_MODE = wholemodule;
				SWIFT_OPTIMIZATION_LEVEL = "-O";
				VALIDATE_PRODUCT = YES;
			};
			name = Release;
		};
		274A27EC28DCB55F00B406D4 /* Debug */ = {
			isa = XCBuildConfiguration;
			buildSettings = {
				ASSETCATALOG_COMPILER_APPICON_NAME = AppIcon;
				ASSETCATALOG_COMPILER_GLOBAL_ACCENT_COLOR_NAME = AccentColor;
				CODE_SIGN_STYLE = Automatic;
				CURRENT_PROJECT_VERSION = 1;
				DEVELOPMENT_ASSET_PATHS = "\"Reminders/Preview Content\"";
				ENABLE_PREVIEWS = YES;
				GENERATE_INFOPLIST_FILE = YES;
				INFOPLIST_KEY_UIApplicationSceneManifest_Generation = YES;
				INFOPLIST_KEY_UIApplicationSupportsIndirectInputEvents = YES;
				INFOPLIST_KEY_UILaunchScreen_Generation = YES;
				INFOPLIST_KEY_UISupportedInterfaceOrientations_iPad = "UIInterfaceOrientationPortrait UIInterfaceOrientationPortraitUpsideDown UIInterfaceOrientationLandscapeLeft UIInterfaceOrientationLandscapeRight";
				INFOPLIST_KEY_UISupportedInterfaceOrientations_iPhone = "UIInterfaceOrientationPortrait UIInterfaceOrientationLandscapeLeft UIInterfaceOrientationLandscapeRight";
				LD_RUNPATH_SEARCH_PATHS = (
					"$(inherited)",
					"@executable_path/Frameworks",
				);
				MARKETING_VERSION = 1.0;
				PRODUCT_BUNDLE_IDENTIFIER = "juan-ticante.Reminders";
				PRODUCT_NAME = "$(TARGET_NAME)";
				SWIFT_EMIT_LOC_STRINGS = YES;
				SWIFT_VERSION = 5.0;
				TARGETED_DEVICE_FAMILY = "1,2";
			};
			name = Debug;
		};
		274A27ED28DCB55F00B406D4 /* Release */ = {
			isa = XCBuildConfiguration;
			buildSettings = {
				ASSETCATALOG_COMPILER_APPICON_NAME = AppIcon;
				ASSETCATALOG_COMPILER_GLOBAL_ACCENT_COLOR_NAME = AccentColor;
				CODE_SIGN_STYLE = Automatic;
				CURRENT_PROJECT_VERSION = 1;
				DEVELOPMENT_ASSET_PATHS = "\"Reminders/Preview Content\"";
				ENABLE_PREVIEWS = YES;
				GENERATE_INFOPLIST_FILE = YES;
				INFOPLIST_KEY_UIApplicationSceneManifest_Generation = YES;
				INFOPLIST_KEY_UIApplicationSupportsIndirectInputEvents = YES;
				INFOPLIST_KEY_UILaunchScreen_Generation = YES;
				INFOPLIST_KEY_UISupportedInterfaceOrientations_iPad = "UIInterfaceOrientationPortrait UIInterfaceOrientationPortraitUpsideDown UIInterfaceOrientationLandscapeLeft UIInterfaceOrientationLandscapeRight";
				INFOPLIST_KEY_UISupportedInterfaceOrientations_iPhone = "UIInterfaceOrientationPortrait UIInterfaceOrientationLandscapeLeft UIInterfaceOrientationLandscapeRight";
				LD_RUNPATH_SEARCH_PATHS = (
					"$(inherited)",
					"@executable_path/Frameworks",
				);
				MARKETING_VERSION = 1.0;
				PRODUCT_BUNDLE_IDENTIFIER = "juan-ticante.Reminders";
				PRODUCT_NAME = "$(TARGET_NAME)";
				SWIFT_EMIT_LOC_STRINGS = YES;
				SWIFT_VERSION = 5.0;
				TARGETED_DEVICE_FAMILY = "1,2";
			};
			name = Release;
		};
/* End XCBuildConfiguration section */

/* Begin XCConfigurationList section */
		274A27D328DCB55B00B406D4 /* Build configuration list for PBXProject "Reminders" */ = {
			isa = XCConfigurationList;
			buildConfigurations = (
				274A27E928DCB55F00B406D4 /* Debug */,
				274A27EA28DCB55F00B406D4 /* Release */,
			);
			defaultConfigurationIsVisible = 0;
			defaultConfigurationName = Release;
		};
		274A27EB28DCB55F00B406D4 /* Build configuration list for PBXNativeTarget "Reminders" */ = {
			isa = XCConfigurationList;
			buildConfigurations = (
				274A27EC28DCB55F00B406D4 /* Debug */,
				274A27ED28DCB55F00B406D4 /* Release */,
			);
			defaultConfigurationIsVisible = 0;
			defaultConfigurationName = Release;
		};
/* End XCConfigurationList section */

/* Begin XCVersionGroup section */
		274A27E628DCB55F00B406D4 /* Reminders.xcdatamodeld */ = {
			isa = XCVersionGroup;
			children = (
				274A27E728DCB55F00B406D4 /* Reminders.xcdatamodel */,
			);
			currentVersion = 274A27E728DCB55F00B406D4 /* Reminders.xcdatamodel */;
			path = Reminders.xcdatamodeld;
			sourceTree = "<group>";
			versionGroupType = wrapper.xcdatamodel;
		};
/* End XCVersionGroup section */
	};
	rootObject = 274A27D028DCB55B00B406D4 /* Project object */;
}
